
Microsoft Visual Studio Solution File, Format Version 12.00
# Visual Studio Version 17
VisualStudioVersion = 17.3.32825.248
MinimumVisualStudioVersion = 10.0.40219.1
Project("{FAE04EC0-301F-11D3-BF4B-00C04F79EFBC}") = "ListViewExample.Android", "ListViewExample\ListViewExample.Android\ListViewExample.Android.csproj", "{2805A20C-7396-4842-A1A9-48D20BD20C73}"
EndProject
Project("{FAE04EC0-301F-11D3-BF4B-00C04F79EFBC}") = "ListViewExample.iOS", "ListViewExample\ListViewExample.iOS\ListViewExample.iOS.csproj", "{06197CD1-EC84-4916-9FA3-7FFD762253F6}"
EndProject
Project("{FAE04EC0-301F-11D3-BF4B-00C04F79EFBC}") = "ListViewExample", "ListViewExample\ListViewExample\ListViewExample.csproj", "{08E117A3-75EA-4D67-AFFC-915A54111F00}"
EndProject
Global
	GlobalSection(SolutionConfigurationPlatforms) = preSolution
		Debug|Any CPU = Debug|Any CPU
		Debug|iPhone = Debug|iPhone
		Debug|iPhoneSimulator = Debug|iPhoneSimulator
		Release|Any CPU = Release|Any CPU
		Release|iPhone = Release|iPhone
		Release|iPhoneSimulator = Release|iPhoneSimulator
	EndGlobalSection
	GlobalSection(ProjectConfigurationPlatforms) = postSolution
		{2805A20C-7396-4842-A1A9-48D20BD20C73}.Debug|Any CPU.ActiveCfg = Debug|Any CPU
		{2805A20C-7396-4842-A1A9-48D20BD20C73}.Debug|Any CPU.Build.0 = Debug|Any CPU
		{2805A20C-7396-4842-A1A9-48D20BD20C73}.Debug|Any CPU.Deploy.0 = Debug|Any CPU
		{2805A20C-7396-4842-A1A9-48D20BD20C73}.Debug|iPhone.ActiveCfg = Debug|Any CPU
		{2805A20C-7396-4842-A1A9-48D20BD20C73}.Debug|iPhone.Build.0 = Debug|Any CPU
		{2805A20C-7396-4842-A1A9-48D20BD20C73}.Debug|iPhone.Deploy.0 = Debug|Any CPU
		{2805A20C-7396-4842-A1A9-48D20BD20C73}.Debug|iPhoneSimulator.ActiveCfg = Debug|Any CPU
		{2805A20C-7396-4842-A1A9-48D20BD20C73}.Debug|iPhoneSimulator.Build.0 = Debug|Any CPU
		{2805A20C-7396-4842-A1A9-48D20BD20C73}.Debug|iPhoneSimulator.Deploy.0 = Debug|Any CPU
		{2805A20C-7396-4842-A1A9-48D20BD20C73}.Release|Any CPU.ActiveCfg = Release|Any CPU
		{2805A20C-7396-4842-A1A9-48D20BD20C73}.Release|Any CPU.Build.0 = Release|Any CPU
		{2805A20C-7396-4842-A1A9-48D20BD20C73}.Release|Any CPU.Deploy.0 = Release|Any CPU
		{2805A20C-7396-4842-A1A9-48D20BD20C73}.Release|iPhone.ActiveCfg = Release|Any CPU
		{2805A20C-7396-4842-A1A9-48D20BD20C73}.Release|iPhone.Build.0 = Release|Any CPU
		{2805A20C-7396-4842-A1A9-48D20BD20C73}.Release|iPhone.Deploy.0 = Release|Any CPU
		{2805A20C-7396-4842-A1A9-48D20BD20C73}.Release|iPhoneSimulator.ActiveCfg = Release|Any CPU
		{2805A20C-7396-4842-A1A9-48D20BD20C73}.Release|iPhoneSimulator.Build.0 = Release|Any CPU
		{2805A20C-7396-4842-A1A9-48D20BD20C73}.Release|iPhoneSimulator.Deploy.0 = Release|Any CPU
		{06197CD1-EC84-4916-9FA3-7FFD762253F6}.Debug|Any CPU.ActiveCfg = Debug|iPhone
		{06197CD1-EC84-4916-9FA3-7FFD762253F6}.Debug|Any CPU.Build.0 = Debug|iPhone
		{06197CD1-EC84-4916-9FA3-7FFD762253F6}.Debug|Any CPU.Deploy.0 = Debug|iPhone
		{06197CD1-EC84-4916-9FA3-7FFD762253F6}.Debug|iPhone.ActiveCfg = Debug|iPhone
		{06197CD1-EC84-4916-9FA3-7FFD762253F6}.Debug|iPhone.Build.0 = Debug|iPhone
		{06197CD1-EC84-4916-9FA3-7FFD762253F6}.Debug|iPhone.Deploy.0 = Debug|iPhone
		{06197CD1-EC84-4916-9FA3-7FFD762253F6}.Debug|iPhoneSimulator.ActiveCfg = Debug|iPhoneSimulator
		{06197CD1-EC84-4916-9FA3-7FFD762253F6}.Debug|iPhoneSimulator.Build.0 = Debug|iPhoneSimulator
		{06197CD1-EC84-4916-9FA3-7FFD762253F6}.Debug|iPhoneSimulator.Deploy.0 = Debug|iPhoneSimulator
		{06197CD1-EC84-4916-9FA3-7FFD762253F6}.Release|Any CPU.ActiveCfg = Release|iPhoneSimulator
		{06197CD1-EC84-4916-9FA3-7FFD762253F6}.Release|Any CPU.Build.0 = Release|iPhoneSimulator
		{06197CD1-EC84-4916-9FA3-7FFD762253F6}.Release|Any CPU.Deploy.0 = Release|iPhoneSimulator
		{06197CD1-EC84-4916-9FA3-7FFD762253F6}.Release|iPhone.ActiveCfg = Release|iPhone
		{06197CD1-EC84-4916-9FA3-7FFD762253F6}.Release|iPhone.Build.0 = Release|iPhone
		{06197CD1-EC84-4916-9FA3-7FFD762253F6}.Release|iPhone.Deploy.0 = Release|iPhone
		{06197CD1-EC84-4916-9FA3-7FFD762253F6}.Release|iPhoneSimulator.ActiveCfg = Release|iPhoneSimulator
		{06197CD1-EC84-4916-9FA3-7FFD762253F6}.Release|iPhoneSimulator.Build.0 = Release|iPhoneSimulator
		{06197CD1-EC84-4916-9FA3-7FFD762253F6}.Release|iPhoneSimulator.Deploy.0 = Release|iPhoneSimulator
		{08E117A3-75EA-4D67-AFFC-915A54111F00}.Debug|Any CPU.ActiveCfg = Debug|Any CPU
		{08E117A3-75EA-4D67-AFFC-915A54111F00}.Debug|Any CPU.Build.0 = Debug|Any CPU
		{08E117A3-75EA-4D67-AFFC-915A54111F00}.Debug|Any CPU.Deploy.0 = Debug|Any CPU
		{08E117A3-75EA-4D67-AFFC-915A54111F00}.Debug|iPhone.ActiveCfg = Debug|Any CPU
		{08E117A3-75EA-4D67-AFFC-915A54111F00}.Debug|iPhone.Build.0 = Debug|Any CPU
		{08E117A3-75EA-4D67-AFFC-915A54111F00}.Debug|iPhone.Deploy.0 = Debug|Any CPU
		{08E117A3-75EA-4D67-AFFC-915A54111F00}.Debug|iPhoneSimulator.ActiveCfg = Debug|Any CPU
		{08E117A3-75EA-4D67-AFFC-915A54111F00}.Debug|iPhoneSimulator.Build.0 = Debug|Any CPU
		{08E117A3-75EA-4D67-AFFC-915A54111F00}.Debug|iPhoneSimulator.Deploy.0 = Debug|Any CPU
		{08E117A3-75EA-4D67-AFFC-915A54111F00}.Release|Any CPU.ActiveCfg = Release|Any CPU
		{08E117A3-75EA-4D67-AFFC-915A54111F00}.Release|Any CPU.Build.0 = Release|Any CPU
		{08E117A3-75EA-4D67-AFFC-915A54111F00}.Release|Any CPU.Deploy.0 = Release|Any CPU
		{08E117A3-75EA-4D67-AFFC-915A54111F00}.Release|iPhone.ActiveCfg = Release|Any CPU
		{08E117A3-75EA-4D67-AFFC-915A54111F00}.Release|iPhone.Build.0 = Release|Any CPU
		{08E117A3-75EA-4D67-AFFC-915A54111F00}.Release|iPhone.Deploy.0 = Release|Any CPU
		{08E117A3-75EA-4D67-AFFC-915A54111F00}.Release|iPhoneSimulator.ActiveCfg = Release|Any CPU
		{08E117A3-75EA-4D67-AFFC-915A54111F00}.Release|iPhoneSimulator.Build.0 = Release|Any CPU
		{08E117A3-75EA-4D67-AFFC-915A54111F00}.Release|iPhoneSimulator.Deploy.0 = Release|Any CPU
	EndGlobalSection
	GlobalSection(SolutionProperties) = preSolution
		HideSolutionNode = FALSE
	EndGlobalSection
	GlobalSection(ExtensibilityGlobals) = postSolution
		SolutionGuid = {3CF667BD-42AB-4E55-AFE2-88BD49E489B0}
	EndGlobalSection
EndGlobal
